// !$*UTF8*$!
{
	archiveVersion = 1;
	classes = {
	};
	objectVersion = 56;
	objects = {

/* Begin PBXBuildFile section */
		B20B4B7E2A77B586005CDCCE /* MedicationDetailViewModel.swift in Sources */ = {isa = PBXBuildFile; fileRef = B20B4B7D2A77B586005CDCCE /* MedicationDetailViewModel.swift */; };
		B20D30552A7630C500D2B858 /* AuthenticationViewModel.swift in Sources */ = {isa = PBXBuildFile; fileRef = B20D30542A7630C500D2B858 /* AuthenticationViewModel.swift */; };
		B220D2342A76A4AE0039643D /* LoadingState.swift in Sources */ = {isa = PBXBuildFile; fileRef = B220D2332A76A4AE0039643D /* LoadingState.swift */; };
		B220D2362A76B3230039643D /* GoogleService-Info.plist in Resources */ = {isa = PBXBuildFile; fileRef = B220D2352A76B3230039643D /* GoogleService-Info.plist */; };
		B22B6AA22A76386400B3739A /* SignInView.swift in Sources */ = {isa = PBXBuildFile; fileRef = B22B6AA12A76386400B3739A /* SignInView.swift */; };
		B27BFF7A2A76213500881D54 /* MedOnFlowApp.swift in Sources */ = {isa = PBXBuildFile; fileRef = B27BFF792A76213500881D54 /* MedOnFlowApp.swift */; };
		B27BFF7C2A76213500881D54 /* ContentView.swift in Sources */ = {isa = PBXBuildFile; fileRef = B27BFF7B2A76213500881D54 /* ContentView.swift */; };
		B27BFF802A76213900881D54 /* Assets.xcassets in Resources */ = {isa = PBXBuildFile; fileRef = B27BFF7F2A76213900881D54 /* Assets.xcassets */; };
		B27BFF832A76213900881D54 /* Preview Assets.xcassets in Resources */ = {isa = PBXBuildFile; fileRef = B27BFF822A76213900881D54 /* Preview Assets.xcassets */; };
		B27BFF8F2A76222D00881D54 /* FirebaseAnalytics in Frameworks */ = {isa = PBXBuildFile; productRef = B27BFF8E2A76222D00881D54 /* FirebaseAnalytics */; };
		B27BFF912A76222D00881D54 /* FirebaseAnalyticsOnDeviceConversion in Frameworks */ = {isa = PBXBuildFile; productRef = B27BFF902A76222D00881D54 /* FirebaseAnalyticsOnDeviceConversion */; };
		B27BFF932A76222D00881D54 /* FirebaseAnalyticsSwift in Frameworks */ = {isa = PBXBuildFile; productRef = B27BFF922A76222D00881D54 /* FirebaseAnalyticsSwift */; };
		B27BFF952A76222D00881D54 /* FirebaseAnalyticsWithoutAdIdSupport in Frameworks */ = {isa = PBXBuildFile; productRef = B27BFF942A76222D00881D54 /* FirebaseAnalyticsWithoutAdIdSupport */; };
		B27BFF972A76222D00881D54 /* FirebaseAppCheck in Frameworks */ = {isa = PBXBuildFile; productRef = B27BFF962A76222D00881D54 /* FirebaseAppCheck */; };
		B27BFF992A76222D00881D54 /* FirebaseAppDistribution-Beta in Frameworks */ = {isa = PBXBuildFile; productRef = B27BFF982A76222D00881D54 /* FirebaseAppDistribution-Beta */; };
		B27BFF9B2A76222D00881D54 /* FirebaseAuth in Frameworks */ = {isa = PBXBuildFile; productRef = B27BFF9A2A76222D00881D54 /* FirebaseAuth */; };
		B27BFF9D2A76222D00881D54 /* FirebaseAuthCombine-Community in Frameworks */ = {isa = PBXBuildFile; productRef = B27BFF9C2A76222D00881D54 /* FirebaseAuthCombine-Community */; };
		B27BFF9F2A76222D00881D54 /* FirebaseCrashlytics in Frameworks */ = {isa = PBXBuildFile; productRef = B27BFF9E2A76222D00881D54 /* FirebaseCrashlytics */; };
		B27BFFA12A76222D00881D54 /* FirebaseDatabase in Frameworks */ = {isa = PBXBuildFile; productRef = B27BFFA02A76222D00881D54 /* FirebaseDatabase */; };
		B27BFFA32A76222D00881D54 /* FirebaseDatabaseSwift in Frameworks */ = {isa = PBXBuildFile; productRef = B27BFFA22A76222D00881D54 /* FirebaseDatabaseSwift */; };
		B27BFFA52A76222D00881D54 /* FirebaseDynamicLinks in Frameworks */ = {isa = PBXBuildFile; productRef = B27BFFA42A76222D00881D54 /* FirebaseDynamicLinks */; };
		B27BFFA72A76222D00881D54 /* FirebaseFirestore in Frameworks */ = {isa = PBXBuildFile; productRef = B27BFFA62A76222D00881D54 /* FirebaseFirestore */; };
		B27BFFA92A76222D00881D54 /* FirebaseFirestoreCombine-Community in Frameworks */ = {isa = PBXBuildFile; productRef = B27BFFA82A76222D00881D54 /* FirebaseFirestoreCombine-Community */; };
		B27BFFAB2A76222D00881D54 /* FirebaseFirestoreSwift in Frameworks */ = {isa = PBXBuildFile; productRef = B27BFFAA2A76222D00881D54 /* FirebaseFirestoreSwift */; };
		B27BFFAD2A76222D00881D54 /* FirebaseFunctions in Frameworks */ = {isa = PBXBuildFile; productRef = B27BFFAC2A76222D00881D54 /* FirebaseFunctions */; };
		B27BFFAF2A76222D00881D54 /* FirebaseFunctionsCombine-Community in Frameworks */ = {isa = PBXBuildFile; productRef = B27BFFAE2A76222D00881D54 /* FirebaseFunctionsCombine-Community */; };
		B27BFFB12A76222D00881D54 /* FirebaseInAppMessaging-Beta in Frameworks */ = {isa = PBXBuildFile; productRef = B27BFFB02A76222D00881D54 /* FirebaseInAppMessaging-Beta */; };
		B27BFFB32A76222D00881D54 /* FirebaseInAppMessagingSwift-Beta in Frameworks */ = {isa = PBXBuildFile; productRef = B27BFFB22A76222D00881D54 /* FirebaseInAppMessagingSwift-Beta */; };
		B27BFFB52A76222D00881D54 /* FirebaseInstallations in Frameworks */ = {isa = PBXBuildFile; productRef = B27BFFB42A76222D00881D54 /* FirebaseInstallations */; };
		B27BFFB72A76222D00881D54 /* FirebaseMLModelDownloader in Frameworks */ = {isa = PBXBuildFile; productRef = B27BFFB62A76222D00881D54 /* FirebaseMLModelDownloader */; };
		B27BFFB92A76222D00881D54 /* FirebasePerformance in Frameworks */ = {isa = PBXBuildFile; productRef = B27BFFB82A76222D00881D54 /* FirebasePerformance */; };
		B27BFFBB2A76222D00881D54 /* FirebaseRemoteConfig in Frameworks */ = {isa = PBXBuildFile; productRef = B27BFFBA2A76222D00881D54 /* FirebaseRemoteConfig */; };
		B27BFFBD2A76222D00881D54 /* FirebaseRemoteConfigSwift in Frameworks */ = {isa = PBXBuildFile; productRef = B27BFFBC2A76222D00881D54 /* FirebaseRemoteConfigSwift */; };
		B27BFFBF2A76222D00881D54 /* FirebaseStorage in Frameworks */ = {isa = PBXBuildFile; productRef = B27BFFBE2A76222D00881D54 /* FirebaseStorage */; };
		B27BFFC12A76222D00881D54 /* FirebaseStorageCombine-Community in Frameworks */ = {isa = PBXBuildFile; productRef = B27BFFC02A76222D00881D54 /* FirebaseStorageCombine-Community */; };
		B27C94C42A76A1B8001D12C2 /* NewMedicationViewModel.swift in Sources */ = {isa = PBXBuildFile; fileRef = B27C94C32A76A1B8001D12C2 /* NewMedicationViewModel.swift */; };
		B286A66C2A76A0F700842EFE /* NewMedicationView.swift in Sources */ = {isa = PBXBuildFile; fileRef = B286A66B2A76A0F600842EFE /* NewMedicationView.swift */; };
		B28C2AD12A76232600ACE54C /* Medication.swift in Sources */ = {isa = PBXBuildFile; fileRef = B28C2AD02A76232600ACE54C /* Medication.swift */; };
		B29A5C842A764715001139FC /* MedicationDetailView.swift in Sources */ = {isa = PBXBuildFile; fileRef = B29A5C832A764714001139FC /* MedicationDetailView.swift */; };
		B2AD57A12A76376100FFDEFB /* User.swift in Sources */ = {isa = PBXBuildFile; fileRef = B2AD57A02A76376100FFDEFB /* User.swift */; };
/* End PBXBuildFile section */

/* Begin PBXFileReference section */
		B20B4B7D2A77B586005CDCCE /* MedicationDetailViewModel.swift */ = {isa = PBXFileReference; fileEncoding = 4; lastKnownFileType = sourcecode.swift; path = MedicationDetailViewModel.swift; sourceTree = "<group>"; };
		B20D30542A7630C500D2B858 /* AuthenticationViewModel.swift */ = {isa = PBXFileReference; fileEncoding = 4; lastKnownFileType = sourcecode.swift; path = AuthenticationViewModel.swift; sourceTree = "<group>"; };
		B220D2332A76A4AE0039643D /* LoadingState.swift */ = {isa = PBXFileReference; fileEncoding = 4; lastKnownFileType = sourcecode.swift; path = LoadingState.swift; sourceTree = "<group>"; };
		B220D2352A76B3230039643D /* GoogleService-Info.plist */ = {isa = PBXFileReference; fileEncoding = 4; lastKnownFileType = text.plist.xml; path = "GoogleService-Info.plist"; sourceTree = "<group>"; };
		B22B6AA12A76386400B3739A /* SignInView.swift */ = {isa = PBXFileReference; fileEncoding = 4; lastKnownFileType = sourcecode.swift; path = SignInView.swift; sourceTree = "<group>"; };
		B27BFF762A76213500881D54 /* MedOnFlow.app */ = {isa = PBXFileReference; explicitFileType = wrapper.application; includeInIndex = 0; path = MedOnFlow.app; sourceTree = BUILT_PRODUCTS_DIR; };
		B27BFF792A76213500881D54 /* MedOnFlowApp.swift */ = {isa = PBXFileReference; lastKnownFileType = sourcecode.swift; path = MedOnFlowApp.swift; sourceTree = "<group>"; };
		B27BFF7B2A76213500881D54 /* ContentView.swift */ = {isa = PBXFileReference; lastKnownFileType = sourcecode.swift; path = ContentView.swift; sourceTree = "<group>"; };
		B27BFF7F2A76213900881D54 /* Assets.xcassets */ = {isa = PBXFileReference; lastKnownFileType = folder.assetcatalog; path = Assets.xcassets; sourceTree = "<group>"; };
		B27BFF822A76213900881D54 /* Preview Assets.xcassets */ = {isa = PBXFileReference; lastKnownFileType = folder.assetcatalog; path = "Preview Assets.xcassets"; sourceTree = "<group>"; };
		B27BFF842A76213900881D54 /* MedOnFlow.entitlements */ = {isa = PBXFileReference; lastKnownFileType = text.plist.entitlements; path = MedOnFlow.entitlements; sourceTree = "<group>"; };
		B27BFF852A76213900881D54 /* Info.plist */ = {isa = PBXFileReference; lastKnownFileType = text.plist.xml; path = Info.plist; sourceTree = "<group>"; };
		B27C94C32A76A1B8001D12C2 /* NewMedicationViewModel.swift */ = {isa = PBXFileReference; lastKnownFileType = sourcecode.swift; path = NewMedicationViewModel.swift; sourceTree = "<group>"; };
		B286A66B2A76A0F600842EFE /* NewMedicationView.swift */ = {isa = PBXFileReference; fileEncoding = 4; lastKnownFileType = sourcecode.swift; path = NewMedicationView.swift; sourceTree = "<group>"; };
		B28C2AD02A76232600ACE54C /* Medication.swift */ = {isa = PBXFileReference; fileEncoding = 4; lastKnownFileType = sourcecode.swift; path = Medication.swift; sourceTree = "<group>"; };
		B29A5C832A764714001139FC /* MedicationDetailView.swift */ = {isa = PBXFileReference; fileEncoding = 4; lastKnownFileType = sourcecode.swift; path = MedicationDetailView.swift; sourceTree = "<group>"; };
		B2AD57A02A76376100FFDEFB /* User.swift */ = {isa = PBXFileReference; fileEncoding = 4; lastKnownFileType = sourcecode.swift; path = User.swift; sourceTree = "<group>"; };
/* End PBXFileReference section */

/* Begin PBXFrameworksBuildPhase section */
		B27BFF732A76213500881D54 /* Frameworks */ = {
			isa = PBXFrameworksBuildPhase;
			buildActionMask = 2147483647;
			files = (
				B27BFFB92A76222D00881D54 /* FirebasePerformance in Frameworks */,
				B27BFFA12A76222D00881D54 /* FirebaseDatabase in Frameworks */,
				B27BFFAF2A76222D00881D54 /* FirebaseFunctionsCombine-Community in Frameworks */,
				B27BFFBF2A76222D00881D54 /* FirebaseStorage in Frameworks */,
				B27BFFA72A76222D00881D54 /* FirebaseFirestore in Frameworks */,
				B27BFF932A76222D00881D54 /* FirebaseAnalyticsSwift in Frameworks */,
				B27BFF8F2A76222D00881D54 /* FirebaseAnalytics in Frameworks */,
				B27BFF912A76222D00881D54 /* FirebaseAnalyticsOnDeviceConversion in Frameworks */,
				B27BFFB72A76222D00881D54 /* FirebaseMLModelDownloader in Frameworks */,
				B27BFFAB2A76222D00881D54 /* FirebaseFirestoreSwift in Frameworks */,
				B27BFFBD2A76222D00881D54 /* FirebaseRemoteConfigSwift in Frameworks */,
				B27BFF972A76222D00881D54 /* FirebaseAppCheck in Frameworks */,
				B27BFF952A76222D00881D54 /* FirebaseAnalyticsWithoutAdIdSupport in Frameworks */,
				B27BFF9B2A76222D00881D54 /* FirebaseAuth in Frameworks */,
				B27BFF9F2A76222D00881D54 /* FirebaseCrashlytics in Frameworks */,
				B27BFFB12A76222D00881D54 /* FirebaseInAppMessaging-Beta in Frameworks */,
				B27BFFC12A76222D00881D54 /* FirebaseStorageCombine-Community in Frameworks */,
				B27BFFA32A76222D00881D54 /* FirebaseDatabaseSwift in Frameworks */,
				B27BFFAD2A76222D00881D54 /* FirebaseFunctions in Frameworks */,
				B27BFF992A76222D00881D54 /* FirebaseAppDistribution-Beta in Frameworks */,
				B27BFF9D2A76222D00881D54 /* FirebaseAuthCombine-Community in Frameworks */,
				B27BFFBB2A76222D00881D54 /* FirebaseRemoteConfig in Frameworks */,
				B27BFFB32A76222D00881D54 /* FirebaseInAppMessagingSwift-Beta in Frameworks */,
				B27BFFA52A76222D00881D54 /* FirebaseDynamicLinks in Frameworks */,
				B27BFFA92A76222D00881D54 /* FirebaseFirestoreCombine-Community in Frameworks */,
				B27BFFB52A76222D00881D54 /* FirebaseInstallations in Frameworks */,
			);
			runOnlyForDeploymentPostprocessing = 0;
		};
/* End PBXFrameworksBuildPhase section */

/* Begin PBXGroup section */
		B27BFF6D2A76213500881D54 = {
			isa = PBXGroup;
			children = (
				B27BFF782A76213500881D54 /* MedOnFlow */,
				B27BFF772A76213500881D54 /* Products */,
			);
			sourceTree = "<group>";
		};
		B27BFF772A76213500881D54 /* Products */ = {
			isa = PBXGroup;
			children = (
				B27BFF762A76213500881D54 /* MedOnFlow.app */,
			);
			name = Products;
			sourceTree = "<group>";
		};
		B27BFF782A76213500881D54 /* MedOnFlow */ = {
			isa = PBXGroup;
			children = (
				B27BFF792A76213500881D54 /* MedOnFlowApp.swift */,
				B27BFF7B2A76213500881D54 /* ContentView.swift */,
				B29A5C832A764714001139FC /* MedicationDetailView.swift */,
				B20B4B7D2A77B586005CDCCE /* MedicationDetailViewModel.swift */,
				B28C2AD02A76232600ACE54C /* Medication.swift */,
				B20D30542A7630C500D2B858 /* AuthenticationViewModel.swift */,
				B2AD57A02A76376100FFDEFB /* User.swift */,
				B22B6AA12A76386400B3739A /* SignInView.swift */,
				B286A66B2A76A0F600842EFE /* NewMedicationView.swift */,
				B27C94C32A76A1B8001D12C2 /* NewMedicationViewModel.swift */,
				B220D2332A76A4AE0039643D /* LoadingState.swift */,
				B27BFF7F2A76213900881D54 /* Assets.xcassets */,
				B27BFF842A76213900881D54 /* MedOnFlow.entitlements */,
				B27BFF852A76213900881D54 /* Info.plist */,
				B220D2352A76B3230039643D /* GoogleService-Info.plist */,
				B27BFF812A76213900881D54 /* Preview Content */,
			);
			path = MedOnFlow;
			sourceTree = "<group>";
		};
		B27BFF812A76213900881D54 /* Preview Content */ = {
			isa = PBXGroup;
			children = (
				B27BFF822A76213900881D54 /* Preview Assets.xcassets */,
			);
			path = "Preview Content";
			sourceTree = "<group>";
		};
/* End PBXGroup section */

/* Begin PBXNativeTarget section */
		B27BFF752A76213500881D54 /* MedOnFlow */ = {
			isa = PBXNativeTarget;
			buildConfigurationList = B27BFF882A76213900881D54 /* Build configuration list for PBXNativeTarget "MedOnFlow" */;
			buildPhases = (
				B27BFF722A76213500881D54 /* Sources */,
				B27BFF732A76213500881D54 /* Frameworks */,
				B27BFF742A76213500881D54 /* Resources */,
			);
			buildRules = (
			);
			dependencies = (
			);
			name = MedOnFlow;
			packageProductDependencies = (
				B27BFF8E2A76222D00881D54 /* FirebaseAnalytics */,
				B27BFF902A76222D00881D54 /* FirebaseAnalyticsOnDeviceConversion */,
				B27BFF922A76222D00881D54 /* FirebaseAnalyticsSwift */,
				B27BFF942A76222D00881D54 /* FirebaseAnalyticsWithoutAdIdSupport */,
				B27BFF962A76222D00881D54 /* FirebaseAppCheck */,
				B27BFF982A76222D00881D54 /* FirebaseAppDistribution-Beta */,
				B27BFF9A2A76222D00881D54 /* FirebaseAuth */,
				B27BFF9C2A76222D00881D54 /* FirebaseAuthCombine-Community */,
				B27BFF9E2A76222D00881D54 /* FirebaseCrashlytics */,
				B27BFFA02A76222D00881D54 /* FirebaseDatabase */,
				B27BFFA22A76222D00881D54 /* FirebaseDatabaseSwift */,
				B27BFFA42A76222D00881D54 /* FirebaseDynamicLinks */,
				B27BFFA62A76222D00881D54 /* FirebaseFirestore */,
				B27BFFA82A76222D00881D54 /* FirebaseFirestoreCombine-Community */,
				B27BFFAA2A76222D00881D54 /* FirebaseFirestoreSwift */,
				B27BFFAC2A76222D00881D54 /* FirebaseFunctions */,
				B27BFFAE2A76222D00881D54 /* FirebaseFunctionsCombine-Community */,
				B27BFFB02A76222D00881D54 /* FirebaseInAppMessaging-Beta */,
				B27BFFB22A76222D00881D54 /* FirebaseInAppMessagingSwift-Beta */,
				B27BFFB42A76222D00881D54 /* FirebaseInstallations */,
				B27BFFB62A76222D00881D54 /* FirebaseMLModelDownloader */,
				B27BFFB82A76222D00881D54 /* FirebasePerformance */,
				B27BFFBA2A76222D00881D54 /* FirebaseRemoteConfig */,
				B27BFFBC2A76222D00881D54 /* FirebaseRemoteConfigSwift */,
				B27BFFBE2A76222D00881D54 /* FirebaseStorage */,
				B27BFFC02A76222D00881D54 /* FirebaseStorageCombine-Community */,
			);
			productName = MedOnFlow;
			productReference = B27BFF762A76213500881D54 /* MedOnFlow.app */;
			productType = "com.apple.product-type.application";
		};
/* End PBXNativeTarget section */

/* Begin PBXProject section */
		B27BFF6E2A76213500881D54 /* Project object */ = {
			isa = PBXProject;
			attributes = {
				BuildIndependentTargetsInParallel = 1;
				LastSwiftUpdateCheck = 1500;
				LastUpgradeCheck = 1500;
				TargetAttributes = {
					B27BFF752A76213500881D54 = {
						CreatedOnToolsVersion = 15.0;
					};
				};
			};
			buildConfigurationList = B27BFF712A76213500881D54 /* Build configuration list for PBXProject "MedOnFlow" */;
			compatibilityVersion = "Xcode 14.0";
			developmentRegion = en;
			hasScannedForEncodings = 0;
			knownRegions = (
				en,
				Base,
			);
			mainGroup = B27BFF6D2A76213500881D54;
			packageReferences = (
				B27BFF8D2A76222C00881D54 /* XCRemoteSwiftPackageReference "firebase-ios-sdk" */,
			);
			productRefGroup = B27BFF772A76213500881D54 /* Products */;
			projectDirPath = "";
			projectRoot = "";
			targets = (
				B27BFF752A76213500881D54 /* MedOnFlow */,
			);
		};
/* End PBXProject section */

/* Begin PBXResourcesBuildPhase section */
		B27BFF742A76213500881D54 /* Resources */ = {
			isa = PBXResourcesBuildPhase;
			buildActionMask = 2147483647;
			files = (
				B27BFF832A76213900881D54 /* Preview Assets.xcassets in Resources */,
				B27BFF802A76213900881D54 /* Assets.xcassets in Resources */,
				B220D2362A76B3230039643D /* GoogleService-Info.plist in Resources */,
			);
			runOnlyForDeploymentPostprocessing = 0;
		};
/* End PBXResourcesBuildPhase section */

/* Begin PBXSourcesBuildPhase section */
		B27BFF722A76213500881D54 /* Sources */ = {
			isa = PBXSourcesBuildPhase;
			buildActionMask = 2147483647;
			files = (
				B20B4B7E2A77B586005CDCCE /* MedicationDetailViewModel.swift in Sources */,
				B27C94C42A76A1B8001D12C2 /* NewMedicationViewModel.swift in Sources */,
				B29A5C842A764715001139FC /* MedicationDetailView.swift in Sources */,
				B220D2342A76A4AE0039643D /* LoadingState.swift in Sources */,
				B20D30552A7630C500D2B858 /* AuthenticationViewModel.swift in Sources */,
				B22B6AA22A76386400B3739A /* SignInView.swift in Sources */,
				B28C2AD12A76232600ACE54C /* Medication.swift in Sources */,
				B2AD57A12A76376100FFDEFB /* User.swift in Sources */,
				B27BFF7C2A76213500881D54 /* ContentView.swift in Sources */,
				B286A66C2A76A0F700842EFE /* NewMedicationView.swift in Sources */,
				B27BFF7A2A76213500881D54 /* MedOnFlowApp.swift in Sources */,
			);
			runOnlyForDeploymentPostprocessing = 0;
		};
/* End PBXSourcesBuildPhase section */

/* Begin XCBuildConfiguration section */
		B27BFF862A76213900881D54 /* Debug */ = {
			isa = XCBuildConfiguration;
			buildSettings = {
				ALWAYS_SEARCH_USER_PATHS = NO;
				ASSETCATALOG_COMPILER_GENERATE_SWIFT_ASSET_SYMBOL_EXTENSIONS = YES;
				CLANG_ANALYZER_NONNULL = YES;
				CLANG_ANALYZER_NUMBER_OBJECT_CONVERSION = YES_AGGRESSIVE;
				CLANG_CXX_LANGUAGE_STANDARD = "gnu++20";
				CLANG_ENABLE_MODULES = YES;
				CLANG_ENABLE_OBJC_ARC = YES;
				CLANG_ENABLE_OBJC_WEAK = YES;
				CLANG_WARN_BLOCK_CAPTURE_AUTORELEASING = YES;
				CLANG_WARN_BOOL_CONVERSION = YES;
				CLANG_WARN_COMMA = YES;
				CLANG_WARN_CONSTANT_CONVERSION = YES;
				CLANG_WARN_DEPRECATED_OBJC_IMPLEMENTATIONS = YES;
				CLANG_WARN_DIRECT_OBJC_ISA_USAGE = YES_ERROR;
				CLANG_WARN_DOCUMENTATION_COMMENTS = YES;
				CLANG_WARN_EMPTY_BODY = YES;
				CLANG_WARN_ENUM_CONVERSION = YES;
				CLANG_WARN_INFINITE_RECURSION = YES;
				CLANG_WARN_INT_CONVERSION = YES;
				CLANG_WARN_NON_LITERAL_NULL_CONVERSION = YES;
				CLANG_WARN_OBJC_IMPLICIT_RETAIN_SELF = YES;
				CLANG_WARN_OBJC_LITERAL_CONVERSION = YES;
				CLANG_WARN_OBJC_ROOT_CLASS = YES_ERROR;
				CLANG_WARN_QUOTED_INCLUDE_IN_FRAMEWORK_HEADER = YES;
				CLANG_WARN_RANGE_LOOP_ANALYSIS = YES;
				CLANG_WARN_STRICT_PROTOTYPES = YES;
				CLANG_WARN_SUSPICIOUS_MOVE = YES;
				CLANG_WARN_UNGUARDED_AVAILABILITY = YES_AGGRESSIVE;
				CLANG_WARN_UNREACHABLE_CODE = YES;
				CLANG_WARN__DUPLICATE_METHOD_MATCH = YES;
				COPY_PHASE_STRIP = NO;
				DEBUG_INFORMATION_FORMAT = dwarf;
				ENABLE_STRICT_OBJC_MSGSEND = YES;
				ENABLE_TESTABILITY = YES;
				ENABLE_USER_SCRIPT_SANDBOXING = YES;
				GCC_C_LANGUAGE_STANDARD = gnu17;
				GCC_DYNAMIC_NO_PIC = NO;
				GCC_NO_COMMON_BLOCKS = YES;
				GCC_OPTIMIZATION_LEVEL = 0;
				GCC_PREPROCESSOR_DEFINITIONS = (
					"DEBUG=1",
					"$(inherited)",
				);
				GCC_WARN_64_TO_32_BIT_CONVERSION = YES;
				GCC_WARN_ABOUT_RETURN_TYPE = YES_ERROR;
				GCC_WARN_UNDECLARED_SELECTOR = YES;
				GCC_WARN_UNINITIALIZED_AUTOS = YES_AGGRESSIVE;
				GCC_WARN_UNUSED_FUNCTION = YES;
				GCC_WARN_UNUSED_VARIABLE = YES;
				IPHONEOS_DEPLOYMENT_TARGET = 17.0;
				LOCALIZATION_PREFERS_STRING_CATALOGS = YES;
				MTL_ENABLE_DEBUG_INFO = INCLUDE_SOURCE;
				MTL_FAST_MATH = YES;
				ONLY_ACTIVE_ARCH = YES;
				SDKROOT = iphoneos;
				SWIFT_ACTIVE_COMPILATION_CONDITIONS = "DEBUG $(inherited)";
				SWIFT_OPTIMIZATION_LEVEL = "-Onone";
			};
			name = Debug;
		};
		B27BFF872A76213900881D54 /* Release */ = {
			isa = XCBuildConfiguration;
			buildSettings = {
				ALWAYS_SEARCH_USER_PATHS = NO;
				ASSETCATALOG_COMPILER_GENERATE_SWIFT_ASSET_SYMBOL_EXTENSIONS = YES;
				CLANG_ANALYZER_NONNULL = YES;
				CLANG_ANALYZER_NUMBER_OBJECT_CONVERSION = YES_AGGRESSIVE;
				CLANG_CXX_LANGUAGE_STANDARD = "gnu++20";
				CLANG_ENABLE_MODULES = YES;
				CLANG_ENABLE_OBJC_ARC = YES;
				CLANG_ENABLE_OBJC_WEAK = YES;
				CLANG_WARN_BLOCK_CAPTURE_AUTORELEASING = YES;
				CLANG_WARN_BOOL_CONVERSION = YES;
				CLANG_WARN_COMMA = YES;
				CLANG_WARN_CONSTANT_CONVERSION = YES;
				CLANG_WARN_DEPRECATED_OBJC_IMPLEMENTATIONS = YES;
				CLANG_WARN_DIRECT_OBJC_ISA_USAGE = YES_ERROR;
				CLANG_WARN_DOCUMENTATION_COMMENTS = YES;
				CLANG_WARN_EMPTY_BODY = YES;
				CLANG_WARN_ENUM_CONVERSION = YES;
				CLANG_WARN_INFINITE_RECURSION = YES;
				CLANG_WARN_INT_CONVERSION = YES;
				CLANG_WARN_NON_LITERAL_NULL_CONVERSION = YES;
				CLANG_WARN_OBJC_IMPLICIT_RETAIN_SELF = YES;
				CLANG_WARN_OBJC_LITERAL_CONVERSION = YES;
				CLANG_WARN_OBJC_ROOT_CLASS = YES_ERROR;
				CLANG_WARN_QUOTED_INCLUDE_IN_FRAMEWORK_HEADER = YES;
				CLANG_WARN_RANGE_LOOP_ANALYSIS = YES;
				CLANG_WARN_STRICT_PROTOTYPES = YES;
				CLANG_WARN_SUSPICIOUS_MOVE = YES;
				CLANG_WARN_UNGUARDED_AVAILABILITY = YES_AGGRESSIVE;
				CLANG_WARN_UNREACHABLE_CODE = YES;
				CLANG_WARN__DUPLICATE_METHOD_MATCH = YES;
				COPY_PHASE_STRIP = NO;
				DEBUG_INFORMATION_FORMAT = "dwarf-with-dsym";
				ENABLE_NS_ASSERTIONS = NO;
				ENABLE_STRICT_OBJC_MSGSEND = YES;
				ENABLE_USER_SCRIPT_SANDBOXING = YES;
				GCC_C_LANGUAGE_STANDARD = gnu17;
				GCC_NO_COMMON_BLOCKS = YES;
				GCC_WARN_64_TO_32_BIT_CONVERSION = YES;
				GCC_WARN_ABOUT_RETURN_TYPE = YES_ERROR;
				GCC_WARN_UNDECLARED_SELECTOR = YES;
				GCC_WARN_UNINITIALIZED_AUTOS = YES_AGGRESSIVE;
				GCC_WARN_UNUSED_FUNCTION = YES;
				GCC_WARN_UNUSED_VARIABLE = YES;
				IPHONEOS_DEPLOYMENT_TARGET = 17.0;
				LOCALIZATION_PREFERS_STRING_CATALOGS = YES;
				MTL_ENABLE_DEBUG_INFO = NO;
				MTL_FAST_MATH = YES;
				SDKROOT = iphoneos;
				SWIFT_COMPILATION_MODE = wholemodule;
				VALIDATE_PRODUCT = YES;
			};
			name = Release;
		};
		B27BFF892A76213900881D54 /* Debug */ = {
			isa = XCBuildConfiguration;
			buildSettings = {
				ASSETCATALOG_COMPILER_APPICON_NAME = AppIcon;
				ASSETCATALOG_COMPILER_GLOBAL_ACCENT_COLOR_NAME = AccentColor;
				CODE_SIGN_ENTITLEMENTS = MedOnFlow/MedOnFlow.entitlements;
				CODE_SIGN_STYLE = Automatic;
				CURRENT_PROJECT_VERSION = 1;
				DEVELOPMENT_ASSET_PATHS = "\"MedOnFlow/Preview Content\"";
				DEVELOPMENT_TEAM = 98882K9P37;
				ENABLE_PREVIEWS = YES;
				GENERATE_INFOPLIST_FILE = YES;
				INFOPLIST_FILE = MedOnFlow/Info.plist;
				INFOPLIST_KEY_UIApplicationSceneManifest_Generation = YES;
				INFOPLIST_KEY_UIApplicationSupportsIndirectInputEvents = YES;
				INFOPLIST_KEY_UILaunchScreen_Generation = YES;
				INFOPLIST_KEY_UISupportedInterfaceOrientations_iPad = "UIInterfaceOrientationPortrait UIInterfaceOrientationPortraitUpsideDown UIInterfaceOrientationLandscapeLeft UIInterfaceOrientationLandscapeRight";
				INFOPLIST_KEY_UISupportedInterfaceOrientations_iPhone = "UIInterfaceOrientationPortrait UIInterfaceOrientationLandscapeLeft UIInterfaceOrientationLandscapeRight";
				LD_RUNPATH_SEARCH_PATHS = (
					"$(inherited)",
					"@executable_path/Frameworks",
				);
				MARKETING_VERSION = 1.0;
				OTHER_LDFLAGS = "-ld64";
				PRODUCT_BUNDLE_IDENTIFIER = com.n30gu1.MedOnFlow;
				PRODUCT_NAME = "$(TARGET_NAME)";
				SWIFT_EMIT_LOC_STRINGS = YES;
				SWIFT_VERSION = 5.0;
				TARGETED_DEVICE_FAMILY = "1,2";
			};
			name = Debug;
		};
		B27BFF8A2A76213900881D54 /* Release */ = {
			isa = XCBuildConfiguration;
			buildSettings = {
				ASSETCATALOG_COMPILER_APPICON_NAME = AppIcon;
				ASSETCATALOG_COMPILER_GLOBAL_ACCENT_COLOR_NAME = AccentColor;
				CODE_SIGN_ENTITLEMENTS = MedOnFlow/MedOnFlow.entitlements;
				CODE_SIGN_STYLE = Automatic;
				CURRENT_PROJECT_VERSION = 1;
				DEVELOPMENT_ASSET_PATHS = "\"MedOnFlow/Preview Content\"";
				DEVELOPMENT_TEAM = 98882K9P37;
				ENABLE_PREVIEWS = YES;
				GENERATE_INFOPLIST_FILE = YES;
				INFOPLIST_FILE = MedOnFlow/Info.plist;
				INFOPLIST_KEY_UIApplicationSceneManifest_Generation = YES;
				INFOPLIST_KEY_UIApplicationSupportsIndirectInputEvents = YES;
				INFOPLIST_KEY_UILaunchScreen_Generation = YES;
				INFOPLIST_KEY_UISupportedInterfaceOrientations_iPad = "UIInterfaceOrientationPortrait UIInterfaceOrientationPortraitUpsideDown UIInterfaceOrientationLandscapeLeft UIInterfaceOrientationLandscapeRight";
				INFOPLIST_KEY_UISupportedInterfaceOrientations_iPhone = "UIInterfaceOrientationPortrait UIInterfaceOrientationLandscapeLeft UIInterfaceOrientationLandscapeRight";
				LD_RUNPATH_SEARCH_PATHS = (
					"$(inherited)",
					"@executable_path/Frameworks",
				);
				MARKETING_VERSION = 1.0;
				OTHER_LDFLAGS = "-ld64";
				PRODUCT_BUNDLE_IDENTIFIER = com.n30gu1.MedOnFlow;
				PRODUCT_NAME = "$(TARGET_NAME)";
				SWIFT_EMIT_LOC_STRINGS = YES;
				SWIFT_VERSION = 5.0;
				TARGETED_DEVICE_FAMILY = "1,2";
			};
			name = Release;
		};
/* End XCBuildConfiguration section */

/* Begin XCConfigurationList section */
		B27BFF712A76213500881D54 /* Build configuration list for PBXProject "MedOnFlow" */ = {
			isa = XCConfigurationList;
			buildConfigurations = (
				B27BFF862A76213900881D54 /* Debug */,
				B27BFF872A76213900881D54 /* Release */,
			);
			defaultConfigurationIsVisible = 0;
			defaultConfigurationName = Release;
		};
		B27BFF882A76213900881D54 /* Build configuration list for PBXNativeTarget "MedOnFlow" */ = {
			isa = XCConfigurationList;
			buildConfigurations = (
				B27BFF892A76213900881D54 /* Debug */,
				B27BFF8A2A76213900881D54 /* Release */,
			);
			defaultConfigurationIsVisible = 0;
			defaultConfigurationName = Release;
		};
/* End XCConfigurationList section */

/* Begin XCRemoteSwiftPackageReference section */
		B27BFF8D2A76222C00881D54 /* XCRemoteSwiftPackageReference "firebase-ios-sdk" */ = {
			isa = XCRemoteSwiftPackageReference;
			repositoryURL = "https://github.com/firebase/firebase-ios-sdk";
			requirement = {
				kind = upToNextMajorVersion;
				minimumVersion = 10.12.0;
			};
		};
/* End XCRemoteSwiftPackageReference section */

/* Begin XCSwiftPackageProductDependency section */
		B27BFF8E2A76222D00881D54 /* FirebaseAnalytics */ = {
			isa = XCSwiftPackageProductDependency;
			package = B27BFF8D2A76222C00881D54 /* XCRemoteSwiftPackageReference "firebase-ios-sdk" */;
			productName = FirebaseAnalytics;
		};
		B27BFF902A76222D00881D54 /* FirebaseAnalyticsOnDeviceConversion */ = {
			isa = XCSwiftPackageProductDependency;
			package = B27BFF8D2A76222C00881D54 /* XCRemoteSwiftPackageReference "firebase-ios-sdk" */;
			productName = FirebaseAnalyticsOnDeviceConversion;
		};
		B27BFF922A76222D00881D54 /* FirebaseAnalyticsSwift */ = {
			isa = XCSwiftPackageProductDependency;
			package = B27BFF8D2A76222C00881D54 /* XCRemoteSwiftPackageReference "firebase-ios-sdk" */;
			productName = FirebaseAnalyticsSwift;
		};
		B27BFF942A76222D00881D54 /* FirebaseAnalyticsWithoutAdIdSupport */ = {
			isa = XCSwiftPackageProductDependency;
			package = B27BFF8D2A76222C00881D54 /* XCRemoteSwiftPackageReference "firebase-ios-sdk" */;
			productName = FirebaseAnalyticsWithoutAdIdSupport;
		};
		B27BFF962A76222D00881D54 /* FirebaseAppCheck */ = {
			isa = XCSwiftPackageProductDependency;
			package = B27BFF8D2A76222C00881D54 /* XCRemoteSwiftPackageReference "firebase-ios-sdk" */;
			productName = FirebaseAppCheck;
		};
		B27BFF982A76222D00881D54 /* FirebaseAppDistribution-Beta */ = {
			isa = XCSwiftPackageProductDependency;
			package = B27BFF8D2A76222C00881D54 /* XCRemoteSwiftPackageReference "firebase-ios-sdk" */;
			productName = "FirebaseAppDistribution-Beta";
		};
		B27BFF9A2A76222D00881D54 /* FirebaseAuth */ = {
			isa = XCSwiftPackageProductDependency;
			package = B27BFF8D2A76222C00881D54 /* XCRemoteSwiftPackageReference "firebase-ios-sdk" */;
			productName = FirebaseAuth;
		};
		B27BFF9C2A76222D00881D54 /* FirebaseAuthCombine-Community */ = {
			isa = XCSwiftPackageProductDependency;
			package = B27BFF8D2A76222C00881D54 /* XCRemoteSwiftPackageReference "firebase-ios-sdk" */;
			productName = "FirebaseAuthCombine-Community";
		};
		B27BFF9E2A76222D00881D54 /* FirebaseCrashlytics */ = {
			isa = XCSwiftPackageProductDependency;
			package = B27BFF8D2A76222C00881D54 /* XCRemoteSwiftPackageReference "firebase-ios-sdk" */;
			productName = FirebaseCrashlytics;
		};
		B27BFFA02A76222D00881D54 /* FirebaseDatabase */ = {
			isa = XCSwiftPackageProductDependency;
			package = B27BFF8D2A76222C00881D54 /* XCRemoteSwiftPackageReference "firebase-ios-sdk" */;
			productName = FirebaseDatabase;
		};
		B27BFFA22A76222D00881D54 /* FirebaseDatabaseSwift */ = {
			isa = XCSwiftPackageProductDependency;
			package = B27BFF8D2A76222C00881D54 /* XCRemoteSwiftPackageReference "firebase-ios-sdk" */;
			productName = FirebaseDatabaseSwift;
		};
		B27BFFA42A76222D00881D54 /* FirebaseDynamicLinks */ = {
			isa = XCSwiftPackageProductDependency;
			package = B27BFF8D2A76222C00881D54 /* XCRemoteSwiftPackageReference "firebase-ios-sdk" */;
			productName = FirebaseDynamicLinks;
		};
		B27BFFA62A76222D00881D54 /* FirebaseFirestore */ = {
			isa = XCSwiftPackageProductDependency;
			package = B27BFF8D2A76222C00881D54 /* XCRemoteSwiftPackageReference "firebase-ios-sdk" */;
			productName = FirebaseFirestore;
		};
		B27BFFA82A76222D00881D54 /* FirebaseFirestoreCombine-Community */ = {
			isa = XCSwiftPackageProductDependency;
			package = B27BFF8D2A76222C00881D54 /* XCRemoteSwiftPackageReference "firebase-ios-sdk" */;
			productName = "FirebaseFirestoreCombine-Community";
		};
		B27BFFAA2A76222D00881D54 /* FirebaseFirestoreSwift */ = {
			isa = XCSwiftPackageProductDependency;
			package = B27BFF8D2A76222C00881D54 /* XCRemoteSwiftPackageReference "firebase-ios-sdk" */;
			productName = FirebaseFirestoreSwift;
		};
		B27BFFAC2A76222D00881D54 /* FirebaseFunctions */ = {
			isa = XCSwiftPackageProductDependency;
			package = B27BFF8D2A76222C00881D54 /* XCRemoteSwiftPackageReference "firebase-ios-sdk" */;
			productName = FirebaseFunctions;
		};
		B27BFFAE2A76222D00881D54 /* FirebaseFunctionsCombine-Community */ = {
			isa = XCSwiftPackageProductDependency;
			package = B27BFF8D2A76222C00881D54 /* XCRemoteSwiftPackageReference "firebase-ios-sdk" */;
			productName = "FirebaseFunctionsCombine-Community";
		};
		B27BFFB02A76222D00881D54 /* FirebaseInAppMessaging-Beta */ = {
			isa = XCSwiftPackageProductDependency;
			package = B27BFF8D2A76222C00881D54 /* XCRemoteSwiftPackageReference "firebase-ios-sdk" */;
			productName = "FirebaseInAppMessaging-Beta";
		};
		B27BFFB22A76222D00881D54 /* FirebaseInAppMessagingSwift-Beta */ = {
			isa = XCSwiftPackageProductDependency;
			package = B27BFF8D2A76222C00881D54 /* XCRemoteSwiftPackageReference "firebase-ios-sdk" */;
			productName = "FirebaseInAppMessagingSwift-Beta";
		};
		B27BFFB42A76222D00881D54 /* FirebaseInstallations */ = {
			isa = XCSwiftPackageProductDependency;
			package = B27BFF8D2A76222C00881D54 /* XCRemoteSwiftPackageReference "firebase-ios-sdk" */;
			productName = FirebaseInstallations;
		};
		B27BFFB62A76222D00881D54 /* FirebaseMLModelDownloader */ = {
			isa = XCSwiftPackageProductDependency;
			package = B27BFF8D2A76222C00881D54 /* XCRemoteSwiftPackageReference "firebase-ios-sdk" */;
			productName = FirebaseMLModelDownloader;
		};
		B27BFFB82A76222D00881D54 /* FirebasePerformance */ = {
			isa = XCSwiftPackageProductDependency;
			package = B27BFF8D2A76222C00881D54 /* XCRemoteSwiftPackageReference "firebase-ios-sdk" */;
			productName = FirebasePerformance;
		};
		B27BFFBA2A76222D00881D54 /* FirebaseRemoteConfig */ = {
			isa = XCSwiftPackageProductDependency;
			package = B27BFF8D2A76222C00881D54 /* XCRemoteSwiftPackageReference "firebase-ios-sdk" */;
			productName = FirebaseRemoteConfig;
		};
		B27BFFBC2A76222D00881D54 /* FirebaseRemoteConfigSwift */ = {
			isa = XCSwiftPackageProductDependency;
			package = B27BFF8D2A76222C00881D54 /* XCRemoteSwiftPackageReference "firebase-ios-sdk" */;
			productName = FirebaseRemoteConfigSwift;
		};
		B27BFFBE2A76222D00881D54 /* FirebaseStorage */ = {
			isa = XCSwiftPackageProductDependency;
			package = B27BFF8D2A76222C00881D54 /* XCRemoteSwiftPackageReference "firebase-ios-sdk" */;
			productName = FirebaseStorage;
		};
		B27BFFC02A76222D00881D54 /* FirebaseStorageCombine-Community */ = {
			isa = XCSwiftPackageProductDependency;
			package = B27BFF8D2A76222C00881D54 /* XCRemoteSwiftPackageReference "firebase-ios-sdk" */;
			productName = "FirebaseStorageCombine-Community";
		};
/* End XCSwiftPackageProductDependency section */
	};
	rootObject = B27BFF6E2A76213500881D54 /* Project object */;
}
